
Microsoft Visual Studio Solution File, Format Version 12.00
# Visual Studio 15
VisualStudioVersion = 15.0.27130.2036
MinimumVisualStudioVersion = 10.0.40219.1
Project("{D2ABAB84-BF74-430A-B69E-9DC6D40DDA17}") = "FootbalDataCube", "FootbalDataCube\FootbalDataCube.dwproj", "{568B1792-54A1-4E0C-84E3-8298BDFECF6C}"
EndProject
Global
	GlobalSection(SolutionConfigurationPlatforms) = preSolution
		Development|Default = Development|Default
	EndGlobalSection
	GlobalSection(ProjectConfigurationPlatforms) = postSolution
		{568B1792-54A1-4E0C-84E3-8298BDFECF6C}.Development|Default.ActiveCfg = Development
		{568B1792-54A1-4E0C-84E3-8298BDFECF6C}.Development|Default.Build.0 = Development
		{568B1792-54A1-4E0C-84E3-8298BDFECF6C}.Development|Default.Deploy.0 = Development
	EndGlobalSection
	GlobalSection(SolutionProperties) = preSolution
		HideSolutionNode = FALSE
	EndGlobalSection
	GlobalSection(ExtensibilityGlobals) = postSolution
		SolutionGuid = {D5B1B274-EEA5-428C-8202-BD0B8E75B49F}
	EndGlobalSection
EndGlobal
